
Microsoft Visual Studio Solution File, Format Version 12.00
# Visual Studio 2012
Project("{E24C65DC-7377-472B-9ABA-BC803B73C61A}") = "sdms", "http://localhost:49675", "{BD242F72-87ED-4FE4-9EDB-136699745BE4}"
	ProjectSection(WebsiteProperties) = preProject
		UseIISExpress = "true"
		TargetFrameworkMoniker = ".NETFramework,Version%3Dv4.5"
		Debug.AspNetCompiler.VirtualPath = "/sdms"
		Debug.AspNetCompiler.PhysicalPath = "..\sdms\"
		Debug.AspNetCompiler.TargetPath = "PrecompiledWeb\sdms\"
		Debug.AspNetCompiler.Updateable = "true"
		Debug.AspNetCompiler.ForceOverwrite = "true"
		Debug.AspNetCompiler.FixedNames = "true"
		Debug.AspNetCompiler.Debug = "True"
		Release.AspNetCompiler.VirtualPath = "/sdms"
		Release.AspNetCompiler.PhysicalPath = "..\sdms\"
		Release.AspNetCompiler.TargetPath = "PrecompiledWeb\sdms\"
		Release.AspNetCompiler.Updateable = "true"
		Release.AspNetCompiler.ForceOverwrite = "true"
		Release.AspNetCompiler.FixedNames = "true"
		Release.AspNetCompiler.Debug = "False"
		SlnRelativePath = "..\sdms\"
	EndProjectSection
EndProject
Global
	GlobalSection(SolutionConfigurationPlatforms) = preSolution
		Debug|Any CPU = Debug|Any CPU
	EndGlobalSection
	GlobalSection(ProjectConfigurationPlatforms) = postSolution
		{BD242F72-87ED-4FE4-9EDB-136699745BE4}.Debug|Any CPU.ActiveCfg = Debug|Any CPU
		{BD242F72-87ED-4FE4-9EDB-136699745BE4}.Debug|Any CPU.Build.0 = Debug|Any CPU
	EndGlobalSection
	GlobalSection(SolutionProperties) = preSolution
		HideSolutionNode = FALSE
	EndGlobalSection
EndGlobal
